github.com/Knetic/govaluate v3.0.1-0.20171022003610-9aa49832a739+incompatible h1:1G1pk05UrOh0NlF1oeaaix1x8XzrfjIDK47TY0Zehcw=
github.com/OneOfOne/xxhash v1.2.8 h1:31czK/TI9sNkxIKfaUfGlU47BAxQ0ztGgd9vPyqimf8=
github.com/agnivade/levenshtein v1.1.1 h1:QY8M92nrzkmr798gCo3kmMyqXFzdQVpxLlGPRBij0P8=
github.com/beorn7/perks v1.0.1 h1:VlbKKnNfV8bJzeqoa4cOKqO6bYr3WgKZxO8Z16+hsOM=
github.com/casbin/casbin/v2 v2.77.2 h1:yQinn/w9x8AswiwqwtrXz93VU48R1aYTXdHEx4RI3jM=
github.com/cespare/xxhash/v2 v2.2.0 h1:DC2CZ1Ep5Y4k3ZQ899DldepgrayRUGE6BBZ/cd9Cj44=
github.com/creack/pty v1.1.9/go.mod h1:oKZEueFk5CKHvIhNR5MUki03XCEU+Q6VDXinZuGJ33E=
github.com/davecgh/go-spew v1.1.1 h1:vj9j/u1bqnvCEfJOwUhtlOARqs3+rkHYY13jYWTU97c=
github.com/go-ini/ini v1.67.0 h1:z6ZrTEZqSWOTyH2FlglNbNgARyHG8oLW9gMELqKr06A=
github.com/go-kratos/kratos/v2 v2.7.1 h1:PNMUaWxS5ZGDp1EyID5ZosJb1OA/YiHnBxB0yUmocnc=
github.com/go-kratos/kratos/v2 v2.7.1/go.mod h1:CPn82O93OLHjtnbuyOKhAG5TkSvw+mFnL32c4lZFDwU=
github.com/go-logr/logr v1.2.4 h1:g01GSCwiDw2xSZfjJ2/T9M+S6pFdcNtFYsp+Y43HYDQ=
github.com/go-logr/stdr v1.2.2 h1:hSWxHoqTgW2S2qGc0LTAI563KZ5YKYRhT3MFKZMbjag=
github.com/go-playground/assert/v2 v2.0.1 h1:MsBgLAaY856+nPRTKrp3/OZK38U/wa0CcBYNjji3q3A=
github.com/go-playground/assert/v2 v2.0.1/go.mod h1:VDjEfimB/XKnb+ZQfWdccd7VUvScMdVu0Titje2rxJ4=
github.com/go-playground/form/v4 v4.2.1 h1:HjdRDKO0fftVMU5epjPW2SOREcZ6/wLUzEobqUGJuPw=
github.com/go-playground/form/v4 v4.2.1/go.mod h1:q1a2BY+AQUUzhl6xA/6hBetay6dEIhMHjgvJiGo6K7U=
github.com/gobwas/glob v0.2.3 h1:A4xDbljILXROh+kObIiy5kIaPYD8e96x1tgBhUI5J+Y=
github.com/golang-jwt/jwt/v4 v4.5.0 h1:7cYmW1XlMY7h7ii7UhUyChSgS5wUJEnm9uZVTGqOWzg=
github.com/golang/protobuf v1.5.0/go.mod h1:FsONVRAS9T7sI+LIUmWTfcYkHO4aIWwzhcaSAoJOfIk=
github.com/golang/protobuf v1.5.3 h1:KhyjKVUg7Usr/dYsdSqoFveMYd5ko72D+zANwlG1mmg=
github.com/golang/protobuf v1.5.3/go.mod h1:XVQd3VNwM+JqD3oG2Ue2ip4fOMUkwXdXDdiuN0vRsmY=
github.com/google/go-cmp v0.5.5/go.mod h1:v8dTdLbMG2kIc/vJvl+f65V22dbkXbowE6jgT/gNBxE=
github.com/google/go-cmp v0.5.9 h1:O2Tfq5qg4qc4AmwVlvv0oLiVAGB7enBSJ2x2DqQFi38=
github.com/google/uuid v1.3.1 h1:KjJaJ9iWZ3jOFZIf1Lqf4laDRCasjl0BCmnEGxkdLb4=
github.com/gorilla/mux v1.8.0 h1:i40aqfkR1h2SlN9hojwV5ZA91wcXFOvkdNIeFDP5koI=
github.com/grpc-ecosystem/go-grpc-middleware v1.4.0 h1:UH//fgunKIs4JdUbpDl1VZCDaL56wXCB/5+wF6uHfaI=
github.com/kr/pretty v0.3.1 h1:flRD4NNwYAUpkphVc1HcthR4KEIFJ65n8Mw5qdRn3LE=
github.com/kr/text v0.2.0 h1:5Nx0Ya0ZqY2ygV366QzturHI13Jq95ApcVaJBhpS+AY=
github.com/kr/text v0.2.0/go.mod h1:eLer722TekiGuMkidMxC/pM04lWEeraHUUmBw8l2grE=
github.com/matttproud/golang_protobuf_extensions/v2 v2.0.0 h1:jWpvCLoY8Z/e3VKvlsiIGKtc+UG6U5vzxaoagmhXfyg=
github.com/open-policy-agent/opa v0.57.1 h1:LAa4Z0UkpjV94nRLy6XCvgOacQ6N1jf8TJLMUIzFRqc=
github.com/pkg/errors v0.9.1 h1:FEBLx1zS214owpjy7qsBeixbURkuhQAwrK5UwLGTwt4=
github.com/pmezard/go-difflib v1.0.0 h1:4DBwDE0NGyQoBHbLQYPwSUPoCMWR5BEzIk/f1lZbAQM=
github.com/prometheus/client_golang v1.17.0 h1:rl2sfwZMtSthVU752MqfjQozy7blglC+1SOtjMAMh+Q=
github.com/prometheus/client_model v0.5.0 h1:VQw1hfvPvk3Uv6Qf29VrPF32JB6rtbgI6cYPYQjL0Qw=
github.com/prometheus/common v0.45.0 h1:2BGz0eBc2hdMDLnO/8n0jeB3oPrt2D08CekT0lneoxM=
github.com/prometheus/procfs v0.12.0 h1:jluTpSng7V9hY0O2R9DzzJHYb2xULk9VTR1V1R/k6Bo=
github.com/rcrowley/go-metrics v0.0.0-20201227073835-cf1acfcdf475 h1:N/ElC8H3+5XpJzTSTfLsJV/mx9Q9g7kxmchpfZyxgzM=
github.com/rogpeppe/go-internal v1.10.0 h1:TMyTOH3F/DB16zRVcYyreMH6GnZZrwQVAoYjRBZyWFQ=
github.com/sirupsen/logrus v1.9.3 h1:dueUQJ1C2q9oE3F7wvmSGAaVtTmUizReu6fjN8uqzbQ=
github.com/stretchr/testify v1.8.4 h1:CcVxjf3Q8PM0mHUKJCdn+eZZtm5yQwehR5yeSVQQcUk=
github.com/tchap/go-patricia/v2 v2.3.1 h1:6rQp39lgIYZ+MHmdEq4xzuk1t7OdC35z/xm0BGhTkes=
github.com/tidwall/gjson v1.17.0 h1:/Jocvlh98kcTfpN2+JzGQWQcqrPQwDrVEMApx/M5ZwM=
github.com/tidwall/match v1.1.1 h1:+Ho715JplO36QYgwN9PGYNhgZvoUSc9X2c80KVTi+GA=
github.com/tidwall/pretty v1.2.1 h1:qjsOFOWWQl+N3RsoF5/ssm1pHmJJwhjlSbZ51I6wMl4=
github.com/tx7do/kratos-authn v1.0.0 h1:+dLtYDPfk7yT9nLO4qTjsrLO9cHqYVlCXfHf8fVQmBY=
github.com/tx7do/kratos-authn v1.0.0/go.mod h1:iDys5Pfomo9onMENYJRyhGx+TLf3C8EhFViQhXWbowA=
github.com/tx7do/kratos-authn/engine/jwt v1.0.0 h1:GcAkb5/vteUcetcYd/6+BR8iAHOcyMgt1HttCXrqvg8=
github.com/tx7do/kratos-authn/middleware v1.0.0 h1:Hcl2t/i4z7H0JLv0MiM1FpGRlqUq7AJLWGAm/qdKQ5c=
github.com/tx7do/kratos-authn/middleware v1.0.0/go.mod h1:Cmvkhq2xTElzGol1ZWPctdQ5hDVJw52Dz3VUjaErgss=
github.com/tx7do/kratos-authz v1.0.0 h1:3lyNInrlhaJ4zhKBPGrK3MpujcqSqXuSRuf6LSwYudA=
github.com/tx7do/kratos-authz v1.0.0/go.mod h1:fVFmqnPHnhqRn6FWImbvSwmZ8F2kdbLGL9SEpetIXOc=
github.com/tx7do/kratos-authz/engine/casbin v1.0.0 h1:40nXTq8DB4HtKy86JHoyZxrCf3E+R0+LV3J90qtnQeE=
github.com/tx7do/kratos-authz/engine/opa v1.0.0 h1:CWG6zU1FuVZOs8ywEAeADwrJXvg6aV20HFx4fYXGXSE=
github.com/tx7do/kratos-authz/middleware v1.0.0 h1:anMwRQkMFalgSaav09bLBaydr+U42vW8HuG+ragYEZ4=
github.com/tx7do/kratos-authz/middleware v1.0.0/go.mod h1:TuQUExwkTXuVOfPTlR5FPKrzGMyvPf5vQjPjt9k6qzo=
github.com/xeipuuv/gojsonpointer v0.0.0-20190905194746-02993c407bfb h1:zGWFAtiMcyryUHoUjUJX0/lt1H2+i2Ka2n+D3DImSNo=
github.com/xeipuuv/gojsonreference v0.0.0-20180127040603-bd5ef7bd5415 h1:EzJWgHovont7NscjpAxXsDA8S8BMYve8Y5+7cuRE7R0=
github.com/yashtewari/glob-intersection v0.2.0 h1:8iuHdN88yYuCzCdjt0gDe+6bAhUwBeEWqThExu54RFg=
go.opentelemetry.io/otel v1.19.0 h1:MuS/TNf4/j4IXsZuJegVzI1cwut7Qc00344rgH7p8bs=
go.opentelemetry.io/otel/metric v1.19.0 h1:aTzpGtV0ar9wlV4Sna9sdJyII5jTVJEvKETPiOKwvpE=
go.opentelemetry.io/otel/sdk v1.19.0 h1:6USY6zH+L8uMH8L3t1enZPR3WFEmSTADlqldyHtJi3o=
go.opentelemetry.io/otel/trace v1.19.0 h1:DFVQmlVbfVeOuBRrwdtaehRrWiL1JoVs9CPIQ1Dzxpg=
golang.org/x/net v0.17.0 h1:pVaXccu2ozPjCXewfr1S7xza/zcXTity9cCdXQYSjIM=
golang.org/x/sys v0.13.0 h1:Af8nKPmuFypiUBjVoU9V20FiaFXOcuZI21p0ycVYYGE=
golang.org/x/text v0.12.0 h1:k+n5B8goJNdU7hSvEtMUz3d1Q6D/XW4COJSJR6fN0mc=
golang.org/x/xerrors v0.0.0-20191204190536-9bdfabe68543/go.mod h1:I/5z698sn9Ka8TeJc9MKroUUfqBBauWjQqLJ2OPfmY0=
google.golang.org/genproto/googleapis/rpc v0.0.0-20231030173426-d783a09b4405 h1:AB/lmRny7e2pLhFEYIbl5qkDAUt2h0ZRO4wGPhZf+ik=
google.golang.org/genproto/googleapis/rpc v0.0.0-20231030173426-d783a09b4405/go.mod h1:67X1fPuzjcrkymZzZV1vvkFeTn2Rvc6lYF9MYFGCcwE=
google.golang.org/grpc v1.59.0 h1:Z5Iec2pjwb+LEOqzpB2MR12/eKFhDPhuqW91O+4bwUk=
google.golang.org/grpc v1.59.0/go.mod h1:aUPDwccQo6OTjy7Hct4AfBPD1GptF4fyUjIkQ9YtF98=
google.golang.org/protobuf v1.26.0-rc.1/go.mod h1:jlhhOSvTdKEhbULTjvd4ARK9grFBp09yW+WbY/TyQbw=
google.golang.org/protobuf v1.26.0/go.mod h1:9q0QmTI4eRPtz6boOQmLYwt+qCgq0jsYwAQnmE0givc=
google.golang.org/protobuf v1.31.0 h1:g0LDEJHgrBl9N9r17Ru3sqWhkIx2NB67okBHPwC7hs8=
google.golang.org/protobuf v1.31.0/go.mod h1:HV8QOd/L58Z+nl8r43ehVNZIU/HEI6OcFqwMG9pJV4I=
gopkg.in/check.v1 v0.0.0-20161208181325-20d25e280405/go.mod h1:Co6ibVJAznAaIkqp8huTwlJQCZ016jof/cbN4VW5Yz0=
gopkg.in/check.v1 v1.0.0-20201130134442-10cb98267c6c h1:Hei/4ADfdWqJk1ZMxUNpqntNwaWcugrBjAiHlqqRiVk=
gopkg.in/yaml.v2 v2.4.0 h1:D8xgwECY7CYvx+Y2n4sBz93Jn9JRvxdiyyo8CTfuKaY=
gopkg.in/yaml.v3 v3.0.1 h1:fxVm/GzAzEWqLHuvctI91KS9hhNmmWOoWu0XTYJS7CA=
gopkg.in/yaml.v3 v3.0.1/go.mod h1:K4uyk7z7BCEPqu6E+C64Yfv1cQ7kz7rIZviUmN+EgEM=
sigs.k8s.io/yaml v1.4.0 h1:Mk1wCc2gy/F0THH0TAp1QYyJNzRm2KCLy3o5ASXVI5E=
